
Microsoft Visual Studio Solution File, Format Version 12.00
# Visual Studio Version 17
VisualStudioVersion = 17.13.35919.96 d17.13
MinimumVisualStudioVersion = 10.0.40219.1
Project("{FAE04EC0-301F-11D3-BF4B-00C04F79EFBC}") = "BlinkClient", "BlinkClient\BlinkClient.csproj", "{CA10BC37-EB59-4B38-AA9D-B3F9D687E385}"
EndProject
Global
	GlobalSection(SolutionConfigurationPlatforms) = preSolution
		Debug|Any CPU = Debug|Any CPU
		Release|Any CPU = Release|Any CPU
	EndGlobalSection
	GlobalSection(ProjectConfigurationPlatforms) = postSolution
		{CA10BC37-EB59-4B38-AA9D-B3F9D687E385}.Debug|Any CPU.ActiveCfg = Debug|Any CPU
		{CA10BC37-EB59-4B38-AA9D-B3F9D687E385}.Debug|Any CPU.Build.0 = Debug|Any CPU
		{CA10BC37-EB59-4B38-AA9D-B3F9D687E385}.Release|Any CPU.ActiveCfg = Release|Any CPU
		{CA10BC37-EB59-4B38-AA9D-B3F9D687E385}.Release|Any CPU.Build.0 = Release|Any CPU
	EndGlobalSection
	GlobalSection(SolutionProperties) = preSolution
		HideSolutionNode = FALSE
	EndGlobalSection
	GlobalSection(ExtensibilityGlobals) = postSolution
		SolutionGuid = {11419542-63E3-4E8F-A959-DDC2495D7446}
	EndGlobalSection
EndGlobal
